
Microsoft Visual Studio Solution File, Format Version 12.00
# Visual Studio Version 17
VisualStudioVersion = 17.7.34221.43
MinimumVisualStudioVersion = 10.0.40219.1
Project("{9A19103F-16F7-4668-BE54-9A1E7A4F7556}") = "HotelListing.API", "HotelListing.API\HotelListing.API.csproj", "{6145A9CB-F8DA-4FFD-B347-72CA6894744E}"
EndProject
Global
	GlobalSection(SolutionConfigurationPlatforms) = preSolution
		Debug|Any CPU = Debug|Any CPU
		Release|Any CPU = Release|Any CPU
	EndGlobalSection
	GlobalSection(ProjectConfigurationPlatforms) = postSolution
		{6145A9CB-F8DA-4FFD-B347-72CA6894744E}.Debug|Any CPU.ActiveCfg = Debug|Any CPU
		{6145A9CB-F8DA-4FFD-B347-72CA6894744E}.Debug|Any CPU.Build.0 = Debug|Any CPU
		{6145A9CB-F8DA-4FFD-B347-72CA6894744E}.Release|Any CPU.ActiveCfg = Release|Any CPU
		{6145A9CB-F8DA-4FFD-B347-72CA6894744E}.Release|Any CPU.Build.0 = Release|Any CPU
	EndGlobalSection
	GlobalSection(SolutionProperties) = preSolution
		HideSolutionNode = FALSE
	EndGlobalSection
	GlobalSection(ExtensibilityGlobals) = postSolution
		SolutionGuid = {C6FF5ECA-B2E6-48F6-BFD4-7ADA022C10DC}
	EndGlobalSection
EndGlobal
